
Microsoft Visual Studio Solution File, Format Version 12.00
# Visual Studio 15
VisualStudioVersion = 15.0.28307.1082
MinimumVisualStudioVersion = 10.0.40219.1
Project("{FAE04EC0-301F-11D3-BF4B-00C04F79EFBC}") = "Test", "Test\Test.csproj", "{91E92F3D-3E9A-4AC9-8403-3ED3B06C1E43}"
EndProject
Project("{FAE04EC0-301F-11D3-BF4B-00C04F79EFBC}") = "Dominio", "Dominio\Dominio.csproj", "{C940187B-1E5A-43EE-8A2C-86AD7B2AB955}"
EndProject
Project("{FAE04EC0-301F-11D3-BF4B-00C04F79EFBC}") = "UI", "UI\UI.csproj", "{015099D6-798C-4F5D-9C7D-EB1CAB71484C}"
EndProject
Global
	GlobalSection(SolutionConfigurationPlatforms) = preSolution
		Debug|Any CPU = Debug|Any CPU
		Release|Any CPU = Release|Any CPU
	EndGlobalSection
	GlobalSection(ProjectConfigurationPlatforms) = postSolution
		{91E92F3D-3E9A-4AC9-8403-3ED3B06C1E43}.Debug|Any CPU.ActiveCfg = Debug|Any CPU
		{91E92F3D-3E9A-4AC9-8403-3ED3B06C1E43}.Debug|Any CPU.Build.0 = Debug|Any CPU
		{91E92F3D-3E9A-4AC9-8403-3ED3B06C1E43}.Release|Any CPU.ActiveCfg = Release|Any CPU
		{91E92F3D-3E9A-4AC9-8403-3ED3B06C1E43}.Release|Any CPU.Build.0 = Release|Any CPU
		{C940187B-1E5A-43EE-8A2C-86AD7B2AB955}.Debug|Any CPU.ActiveCfg = Debug|Any CPU
		{C940187B-1E5A-43EE-8A2C-86AD7B2AB955}.Debug|Any CPU.Build.0 = Debug|Any CPU
		{C940187B-1E5A-43EE-8A2C-86AD7B2AB955}.Release|Any CPU.ActiveCfg = Release|Any CPU
		{C940187B-1E5A-43EE-8A2C-86AD7B2AB955}.Release|Any CPU.Build.0 = Release|Any CPU
		{015099D6-798C-4F5D-9C7D-EB1CAB71484C}.Debug|Any CPU.ActiveCfg = Debug|Any CPU
		{015099D6-798C-4F5D-9C7D-EB1CAB71484C}.Debug|Any CPU.Build.0 = Debug|Any CPU
		{015099D6-798C-4F5D-9C7D-EB1CAB71484C}.Release|Any CPU.ActiveCfg = Release|Any CPU
		{015099D6-798C-4F5D-9C7D-EB1CAB71484C}.Release|Any CPU.Build.0 = Release|Any CPU
	EndGlobalSection
	GlobalSection(SolutionProperties) = preSolution
		HideSolutionNode = FALSE
	EndGlobalSection
	GlobalSection(ExtensibilityGlobals) = postSolution
		SolutionGuid = {7433ECC1-E456-4531-980F-B011EC7CDE80}
	EndGlobalSection
EndGlobal
